// !$*UTF8*$!
{
	archiveVersion = 1;
	classes = {
	};
	objectVersion = 51;
	objects = {

/* Begin PBXBuildFile section */
		23A7EDF5E92C92A65D510E84 /* Pods_QuizApp.framework in Frameworks */ = {isa = PBXBuildFile; fileRef = 5924109A0D38CD8898141135 /* Pods_QuizApp.framework */; };
		527256082617ADF40006555E /* AppDelegate.swift in Sources */ = {isa = PBXBuildFile; fileRef = 527256072617ADF40006555E /* AppDelegate.swift */; };
		5272560A2617ADF40006555E /* SceneDelegate.swift in Sources */ = {isa = PBXBuildFile; fileRef = 527256092617ADF40006555E /* SceneDelegate.swift */; };
		527256112617ADF90006555E /* Assets.xcassets in Resources */ = {isa = PBXBuildFile; fileRef = 527256102617ADF90006555E /* Assets.xcassets */; };
		527256142617ADF90006555E /* LaunchScreen.storyboard in Resources */ = {isa = PBXBuildFile; fileRef = 527256122617ADF90006555E /* LaunchScreen.storyboard */; };
		527256662617C9CF0006555E /* Models in Resources */ = {isa = PBXBuildFile; fileRef = 527256652617C9CF0006555E /* Models */; };
		527256702617CBEE0006555E /* LoginViewController.swift in Sources */ = {isa = PBXBuildFile; fileRef = 5272566F2617CBEE0006555E /* LoginViewController.swift */; };
		527256732617CECF0006555E /* QuizzesViewController.swift in Sources */ = {isa = PBXBuildFile; fileRef = 527256722617CECF0006555E /* QuizzesViewController.swift */; };
		5272567B26188F880006555E /* PopQuizTextField.swift in Sources */ = {isa = PBXBuildFile; fileRef = 5272567A26188F880006555E /* PopQuizTextField.swift */; };
		5272567E2618EE6C0006555E /* PopQuizLabel.swift in Sources */ = {isa = PBXBuildFile; fileRef = 5272567D2618EE6C0006555E /* PopQuizLabel.swift */; };
		527256812618EFAC0006555E /* ColorsUtil.swift in Sources */ = {isa = PBXBuildFile; fileRef = 527256802618EFAC0006555E /* ColorsUtil.swift */; };
		527256872618F9C00006555E /* PopQuizLoginButton.swift in Sources */ = {isa = PBXBuildFile; fileRef = 527256862618F9C00006555E /* PopQuizLoginButton.swift */; };
		5272568A2618FFE20006555E /* DataService.swift in Sources */ = {isa = PBXBuildFile; fileRef = 527256892618FFE20006555E /* DataService.swift */; };
		5272568D2618FFF00006555E /* DataServiceProtocol.swift in Sources */ = {isa = PBXBuildFile; fileRef = 5272568C2618FFF00006555E /* DataServiceProtocol.swift */; };
		527256912619014E0006555E /* Quiz.swift in Sources */ = {isa = PBXBuildFile; fileRef = 527256902619014E0006555E /* Quiz.swift */; };
		52725694261901530006555E /* LoginStatus.swift in Sources */ = {isa = PBXBuildFile; fileRef = 52725693261901530006555E /* LoginStatus.swift */; };
		52725697261901560006555E /* Question.swift in Sources */ = {isa = PBXBuildFile; fileRef = 52725696261901560006555E /* Question.swift */; };
		5272569A261901590006555E /* QuizCategory.swift in Sources */ = {isa = PBXBuildFile; fileRef = 52725699261901590006555E /* QuizCategory.swift */; };
		5272569D261C6B820006555E /* AuthFacade.swift in Sources */ = {isa = PBXBuildFile; fileRef = 5272569C261C6B820006555E /* AuthFacade.swift */; };
		527256A1261CA2720006555E /* FetchQuizesButton.swift in Sources */ = {isa = PBXBuildFile; fileRef = 527256A0261CA2720006555E /* FetchQuizesButton.swift */; };
		527256A4261CA3330006555E /* QuizFacade.swift in Sources */ = {isa = PBXBuildFile; fileRef = 527256A3261CA3330006555E /* QuizFacade.swift */; };
		527256A7261CDAB20006555E /* QuizTableView.swift in Sources */ = {isa = PBXBuildFile; fileRef = 527256A6261CDAB20006555E /* QuizTableView.swift */; };
		527256AA261CDD850006555E /* QuizCell.swift in Sources */ = {isa = PBXBuildFile; fileRef = 527256A9261CDD850006555E /* QuizCell.swift */; };
/* End PBXBuildFile section */

/* Begin PBXFileReference section */
		1102534DC85790B06233CCC1 /* Pods-QuizApp.debug.xcconfig */ = {isa = PBXFileReference; includeInIndex = 1; lastKnownFileType = text.xcconfig; name = "Pods-QuizApp.debug.xcconfig"; path = "Target Support Files/Pods-QuizApp/Pods-QuizApp.debug.xcconfig"; sourceTree = "<group>"; };
		527256042617ADF40006555E /* QuizApp.app */ = {isa = PBXFileReference; explicitFileType = wrapper.application; includeInIndex = 0; path = QuizApp.app; sourceTree = BUILT_PRODUCTS_DIR; };
		527256072617ADF40006555E /* AppDelegate.swift */ = {isa = PBXFileReference; lastKnownFileType = sourcecode.swift; path = AppDelegate.swift; sourceTree = "<group>"; };
		527256092617ADF40006555E /* SceneDelegate.swift */ = {isa = PBXFileReference; lastKnownFileType = sourcecode.swift; path = SceneDelegate.swift; sourceTree = "<group>"; };
		527256102617ADF90006555E /* Assets.xcassets */ = {isa = PBXFileReference; lastKnownFileType = folder.assetcatalog; path = Assets.xcassets; sourceTree = "<group>"; };
		527256132617ADF90006555E /* Base */ = {isa = PBXFileReference; lastKnownFileType = file.storyboard; name = Base; path = Base.lproj/LaunchScreen.storyboard; sourceTree = "<group>"; };
		527256152617ADF90006555E /* Info.plist */ = {isa = PBXFileReference; lastKnownFileType = text.plist.xml; path = Info.plist; sourceTree = "<group>"; };
		527256652617C9CF0006555E /* Models */ = {isa = PBXFileReference; lastKnownFileType = folder; path = Models; sourceTree = "<group>"; };
		5272566F2617CBEE0006555E /* LoginViewController.swift */ = {isa = PBXFileReference; lastKnownFileType = sourcecode.swift; path = LoginViewController.swift; sourceTree = "<group>"; };
		527256722617CECF0006555E /* QuizzesViewController.swift */ = {isa = PBXFileReference; lastKnownFileType = sourcecode.swift; path = QuizzesViewController.swift; sourceTree = "<group>"; };
		5272567A26188F880006555E /* PopQuizTextField.swift */ = {isa = PBXFileReference; lastKnownFileType = sourcecode.swift; path = PopQuizTextField.swift; sourceTree = "<group>"; };
		5272567D2618EE6C0006555E /* PopQuizLabel.swift */ = {isa = PBXFileReference; lastKnownFileType = sourcecode.swift; path = PopQuizLabel.swift; sourceTree = "<group>"; };
		527256802618EFAC0006555E /* ColorsUtil.swift */ = {isa = PBXFileReference; lastKnownFileType = sourcecode.swift; path = ColorsUtil.swift; sourceTree = "<group>"; };
		527256862618F9C00006555E /* PopQuizLoginButton.swift */ = {isa = PBXFileReference; fileEncoding = 4; lastKnownFileType = sourcecode.swift; path = PopQuizLoginButton.swift; sourceTree = "<group>"; };
		527256892618FFE20006555E /* DataService.swift */ = {isa = PBXFileReference; lastKnownFileType = sourcecode.swift; path = DataService.swift; sourceTree = "<group>"; };
		5272568C2618FFF00006555E /* DataServiceProtocol.swift */ = {isa = PBXFileReference; lastKnownFileType = sourcecode.swift; path = DataServiceProtocol.swift; sourceTree = "<group>"; };
		527256902619014E0006555E /* Quiz.swift */ = {isa = PBXFileReference; lastKnownFileType = sourcecode.swift; path = Quiz.swift; sourceTree = "<group>"; };
		52725693261901530006555E /* LoginStatus.swift */ = {isa = PBXFileReference; lastKnownFileType = sourcecode.swift; path = LoginStatus.swift; sourceTree = "<group>"; };
		52725696261901560006555E /* Question.swift */ = {isa = PBXFileReference; lastKnownFileType = sourcecode.swift; path = Question.swift; sourceTree = "<group>"; };
		52725699261901590006555E /* QuizCategory.swift */ = {isa = PBXFileReference; lastKnownFileType = sourcecode.swift; path = QuizCategory.swift; sourceTree = "<group>"; };
		5272569C261C6B820006555E /* AuthFacade.swift */ = {isa = PBXFileReference; lastKnownFileType = sourcecode.swift; path = AuthFacade.swift; sourceTree = "<group>"; };
		527256A0261CA2720006555E /* FetchQuizesButton.swift */ = {isa = PBXFileReference; lastKnownFileType = sourcecode.swift; path = FetchQuizesButton.swift; sourceTree = "<group>"; };
		527256A3261CA3330006555E /* QuizFacade.swift */ = {isa = PBXFileReference; lastKnownFileType = sourcecode.swift; path = QuizFacade.swift; sourceTree = "<group>"; };
		527256A6261CDAB20006555E /* QuizTableView.swift */ = {isa = PBXFileReference; lastKnownFileType = sourcecode.swift; path = QuizTableView.swift; sourceTree = "<group>"; };
		527256A9261CDD850006555E /* QuizCell.swift */ = {isa = PBXFileReference; lastKnownFileType = sourcecode.swift; path = QuizCell.swift; sourceTree = "<group>"; };
		55C65B4D404457B971A6F465 /* Pods-QuizApp.release.xcconfig */ = {isa = PBXFileReference; includeInIndex = 1; lastKnownFileType = text.xcconfig; name = "Pods-QuizApp.release.xcconfig"; path = "Target Support Files/Pods-QuizApp/Pods-QuizApp.release.xcconfig"; sourceTree = "<group>"; };
		5924109A0D38CD8898141135 /* Pods_QuizApp.framework */ = {isa = PBXFileReference; explicitFileType = wrapper.framework; includeInIndex = 0; path = Pods_QuizApp.framework; sourceTree = BUILT_PRODUCTS_DIR; };
/* End PBXFileReference section */

/* Begin PBXFrameworksBuildPhase section */
		527256012617ADF40006555E /* Frameworks */ = {
			isa = PBXFrameworksBuildPhase;
			buildActionMask = 2147483647;
			files = (
				23A7EDF5E92C92A65D510E84 /* Pods_QuizApp.framework in Frameworks */,
			);
			runOnlyForDeploymentPostprocessing = 0;
		};
/* End PBXFrameworksBuildPhase section */

/* Begin PBXGroup section */
		28309ED790002484A4F006F1 /* Pods */ = {
			isa = PBXGroup;
			children = (
				1102534DC85790B06233CCC1 /* Pods-QuizApp.debug.xcconfig */,
				55C65B4D404457B971A6F465 /* Pods-QuizApp.release.xcconfig */,
			);
			path = Pods;
			sourceTree = "<group>";
		};
		51FEFDCEC4E601211134EC97 /* Frameworks */ = {
			isa = PBXGroup;
			children = (
				5924109A0D38CD8898141135 /* Pods_QuizApp.framework */,
			);
			name = Frameworks;
			sourceTree = "<group>";
		};
		527255FB2617ADF40006555E = {
			isa = PBXGroup;
			children = (
				527256062617ADF40006555E /* QuizApp */,
				527256052617ADF40006555E /* Products */,
				28309ED790002484A4F006F1 /* Pods */,
				51FEFDCEC4E601211134EC97 /* Frameworks */,
			);
			sourceTree = "<group>";
		};
		527256052617ADF40006555E /* Products */ = {
			isa = PBXGroup;
			children = (
				527256042617ADF40006555E /* QuizApp.app */,
			);
			name = Products;
			sourceTree = "<group>";
		};
		527256062617ADF40006555E /* QuizApp */ = {
			isa = PBXGroup;
			children = (
				52725699261901590006555E /* QuizCategory.swift */,
				52725696261901560006555E /* Question.swift */,
				52725693261901530006555E /* LoginStatus.swift */,
				527256902619014E0006555E /* Quiz.swift */,
				5272568C2618FFF00006555E /* DataServiceProtocol.swift */,
				527256892618FFE20006555E /* DataService.swift */,
				527256862618F9C00006555E /* PopQuizLoginButton.swift */,
				527256652617C9CF0006555E /* Models */,
				527256072617ADF40006555E /* AppDelegate.swift */,
				527256092617ADF40006555E /* SceneDelegate.swift */,
				527256102617ADF90006555E /* Assets.xcassets */,
				527256122617ADF90006555E /* LaunchScreen.storyboard */,
				527256152617ADF90006555E /* Info.plist */,
				5272566F2617CBEE0006555E /* LoginViewController.swift */,
				527256722617CECF0006555E /* QuizzesViewController.swift */,
				5272567A26188F880006555E /* PopQuizTextField.swift */,
				5272567D2618EE6C0006555E /* PopQuizLabel.swift */,
				527256802618EFAC0006555E /* ColorsUtil.swift */,
				5272569C261C6B820006555E /* AuthFacade.swift */,
				527256A0261CA2720006555E /* FetchQuizesButton.swift */,
				527256A3261CA3330006555E /* QuizFacade.swift */,
				527256A6261CDAB20006555E /* QuizTableView.swift */,
				527256A9261CDD850006555E /* QuizCell.swift */,
			);
			path = QuizApp;
			sourceTree = "<group>";
		};
/* End PBXGroup section */

/* Begin PBXNativeTarget section */
		527256032617ADF40006555E /* QuizApp */ = {
			isa = PBXNativeTarget;
			buildConfigurationList = 527256182617ADF90006555E /* Build configuration list for PBXNativeTarget "QuizApp" */;
			buildPhases = (
				B116DFB04B3F179FA706A4FB /* [CP] Check Pods Manifest.lock */,
				527256002617ADF40006555E /* Sources */,
				527256012617ADF40006555E /* Frameworks */,
				527256022617ADF40006555E /* Resources */,
				6FB454D0997E0E289E19B15E /* [CP] Embed Pods Frameworks */,
			);
			buildRules = (
			);
			dependencies = (
			);
			name = QuizApp;
			productName = QuizApp;
			productReference = 527256042617ADF40006555E /* QuizApp.app */;
			productType = "com.apple.product-type.application";
		};
/* End PBXNativeTarget section */

/* Begin PBXProject section */
		527255FC2617ADF40006555E /* Project object */ = {
			isa = PBXProject;
			attributes = {
				LastSwiftUpdateCheck = 1240;
				LastUpgradeCheck = 1240;
				TargetAttributes = {
					527256032617ADF40006555E = {
						CreatedOnToolsVersion = 12.4;
					};
				};
			};
			buildConfigurationList = 527255FF2617ADF40006555E /* Build configuration list for PBXProject "QuizApp" */;
			compatibilityVersion = "Xcode 9.3";
			developmentRegion = en;
			hasScannedForEncodings = 0;
			knownRegions = (
				en,
				Base,
			);
			mainGroup = 527255FB2617ADF40006555E;
			productRefGroup = 527256052617ADF40006555E /* Products */;
			projectDirPath = "";
			projectRoot = "";
			targets = (
				527256032617ADF40006555E /* QuizApp */,
			);
		};
/* End PBXProject section */

/* Begin PBXResourcesBuildPhase section */
		527256022617ADF40006555E /* Resources */ = {
			isa = PBXResourcesBuildPhase;
			buildActionMask = 2147483647;
			files = (
				527256662617C9CF0006555E /* Models in Resources */,
				527256142617ADF90006555E /* LaunchScreen.storyboard in Resources */,
				527256112617ADF90006555E /* Assets.xcassets in Resources */,
			);
			runOnlyForDeploymentPostprocessing = 0;
		};
/* End PBXResourcesBuildPhase section */

/* Begin PBXShellScriptBuildPhase section */
		6FB454D0997E0E289E19B15E /* [CP] Embed Pods Frameworks */ = {
			isa = PBXShellScriptBuildPhase;
			buildActionMask = 2147483647;
			files = (
			);
			inputFileListPaths = (
				"${PODS_ROOT}/Target Support Files/Pods-QuizApp/Pods-QuizApp-frameworks-${CONFIGURATION}-input-files.xcfilelist",
			);
			name = "[CP] Embed Pods Frameworks";
			outputFileListPaths = (
				"${PODS_ROOT}/Target Support Files/Pods-QuizApp/Pods-QuizApp-frameworks-${CONFIGURATION}-output-files.xcfilelist",
			);
			runOnlyForDeploymentPostprocessing = 0;
			shellPath = /bin/sh;
			shellScript = "\"${PODS_ROOT}/Target Support Files/Pods-QuizApp/Pods-QuizApp-frameworks.sh\"\n";
			showEnvVarsInLog = 0;
		};
		B116DFB04B3F179FA706A4FB /* [CP] Check Pods Manifest.lock */ = {
			isa = PBXShellScriptBuildPhase;
			buildActionMask = 2147483647;
			files = (
			);
			inputFileListPaths = (
			);
			inputPaths = (
				"${PODS_PODFILE_DIR_PATH}/Podfile.lock",
				"${PODS_ROOT}/Manifest.lock",
			);
			name = "[CP] Check Pods Manifest.lock";
			outputFileListPaths = (
			);
			outputPaths = (
				"$(DERIVED_FILE_DIR)/Pods-QuizApp-checkManifestLockResult.txt",
			);
			runOnlyForDeploymentPostprocessing = 0;
			shellPath = /bin/sh;
			shellScript = "diff \"${PODS_PODFILE_DIR_PATH}/Podfile.lock\" \"${PODS_ROOT}/Manifest.lock\" > /dev/null\nif [ $? != 0 ] ; then\n    # print error to STDERR\n    echo \"error: The sandbox is not in sync with the Podfile.lock. Run 'pod install' or update your CocoaPods installation.\" >&2\n    exit 1\nfi\n# This output is used by Xcode 'outputs' to avoid re-running this script phase.\necho \"SUCCESS\" > \"${SCRIPT_OUTPUT_FILE_0}\"\n";
			showEnvVarsInLog = 0;
		};
/* End PBXShellScriptBuildPhase section */

/* Begin PBXSourcesBuildPhase section */
		527256002617ADF40006555E /* Sources */ = {
			isa = PBXSourcesBuildPhase;
			buildActionMask = 2147483647;
			files = (
				5272568A2618FFE20006555E /* DataService.swift in Sources */,
				52725694261901530006555E /* LoginStatus.swift in Sources */,
				527256A7261CDAB20006555E /* QuizTableView.swift in Sources */,
				527256872618F9C00006555E /* PopQuizLoginButton.swift in Sources */,
				527256732617CECF0006555E /* QuizzesViewController.swift in Sources */,
				5272567E2618EE6C0006555E /* PopQuizLabel.swift in Sources */,
				527256812618EFAC0006555E /* ColorsUtil.swift in Sources */,
				5272568D2618FFF00006555E /* DataServiceProtocol.swift in Sources */,
				527256702617CBEE0006555E /* LoginViewController.swift in Sources */,
				5272569A261901590006555E /* QuizCategory.swift in Sources */,
				527256A1261CA2720006555E /* FetchQuizesButton.swift in Sources */,
				527256A4261CA3330006555E /* QuizFacade.swift in Sources */,
				52725697261901560006555E /* Question.swift in Sources */,
				527256912619014E0006555E /* Quiz.swift in Sources */,
				527256AA261CDD850006555E /* QuizCell.swift in Sources */,
				527256082617ADF40006555E /* AppDelegate.swift in Sources */,
				5272569D261C6B820006555E /* AuthFacade.swift in Sources */,
				5272567B26188F880006555E /* PopQuizTextField.swift in Sources */,
				5272560A2617ADF40006555E /* SceneDelegate.swift in Sources */,
			);
			runOnlyForDeploymentPostprocessing = 0;
		};
/* End PBXSourcesBuildPhase section */

/* Begin PBXVariantGroup section */
		527256122617ADF90006555E /* LaunchScreen.storyboard */ = {
			isa = PBXVariantGroup;
			children = (
				527256132617ADF90006555E /* Base */,
			);
			name = LaunchScreen.storyboard;
			sourceTree = "<group>";
		};
/* End PBXVariantGroup section */

/* Begin XCBuildConfiguration section */
		527256162617ADF90006555E /* Debug */ = {
			isa = XCBuildConfiguration;
			buildSettings = {
				ALWAYS_SEARCH_USER_PATHS = NO;
				CLANG_ANALYZER_NONNULL = YES;
				CLANG_ANALYZER_NUMBER_OBJECT_CONVERSION = YES_AGGRESSIVE;
				CLANG_CXX_LANGUAGE_STANDARD = "gnu++14";
				CLANG_CXX_LIBRARY = "libc++";
				CLANG_ENABLE_MODULES = YES;
				CLANG_ENABLE_OBJC_ARC = YES;
				CLANG_ENABLE_OBJC_WEAK = YES;
				CLANG_WARN_BLOCK_CAPTURE_AUTORELEASING = YES;
				CLANG_WARN_BOOL_CONVERSION = YES;
				CLANG_WARN_COMMA = YES;
				CLANG_WARN_CONSTANT_CONVERSION = YES;
				CLANG_WARN_DEPRECATED_OBJC_IMPLEMENTATIONS = YES;
				CLANG_WARN_DIRECT_OBJC_ISA_USAGE = YES_ERROR;
				CLANG_WARN_DOCUMENTATION_COMMENTS = YES;
				CLANG_WARN_EMPTY_BODY = YES;
				CLANG_WARN_ENUM_CONVERSION = YES;
				CLANG_WARN_INFINITE_RECURSION = YES;
				CLANG_WARN_INT_CONVERSION = YES;
				CLANG_WARN_NON_LITERAL_NULL_CONVERSION = YES;
				CLANG_WARN_OBJC_IMPLICIT_RETAIN_SELF = YES;
				CLANG_WARN_OBJC_LITERAL_CONVERSION = YES;
				CLANG_WARN_OBJC_ROOT_CLASS = YES_ERROR;
				CLANG_WARN_QUOTED_INCLUDE_IN_FRAMEWORK_HEADER = YES;
				CLANG_WARN_RANGE_LOOP_ANALYSIS = YES;
				CLANG_WARN_STRICT_PROTOTYPES = YES;
				CLANG_WARN_SUSPICIOUS_MOVE = YES;
				CLANG_WARN_UNGUARDED_AVAILABILITY = YES_AGGRESSIVE;
				CLANG_WARN_UNREACHABLE_CODE = YES;
				CLANG_WARN__DUPLICATE_METHOD_MATCH = YES;
				COPY_PHASE_STRIP = NO;
				DEBUG_INFORMATION_FORMAT = dwarf;
				ENABLE_STRICT_OBJC_MSGSEND = YES;
				ENABLE_TESTABILITY = YES;
				GCC_C_LANGUAGE_STANDARD = gnu11;
				GCC_DYNAMIC_NO_PIC = NO;
				GCC_NO_COMMON_BLOCKS = YES;
				GCC_OPTIMIZATION_LEVEL = 0;
				GCC_PREPROCESSOR_DEFINITIONS = (
					"DEBUG=1",
					"$(inherited)",
				);
				GCC_WARN_64_TO_32_BIT_CONVERSION = YES;
				GCC_WARN_ABOUT_RETURN_TYPE = YES_ERROR;
				GCC_WARN_UNDECLARED_SELECTOR = YES;
				GCC_WARN_UNINITIALIZED_AUTOS = YES_AGGRESSIVE;
				GCC_WARN_UNUSED_FUNCTION = YES;
				GCC_WARN_UNUSED_VARIABLE = YES;
				IPHONEOS_DEPLOYMENT_TARGET = 14.4;
				MTL_ENABLE_DEBUG_INFO = INCLUDE_SOURCE;
				MTL_FAST_MATH = YES;
				ONLY_ACTIVE_ARCH = YES;
				SDKROOT = iphoneos;
				SWIFT_ACTIVE_COMPILATION_CONDITIONS = DEBUG;
				SWIFT_OPTIMIZATION_LEVEL = "-Onone";
			};
			name = Debug;
		};
		527256172617ADF90006555E /* Release */ = {
			isa = XCBuildConfiguration;
			buildSettings = {
				ALWAYS_SEARCH_USER_PATHS = NO;
				CLANG_ANALYZER_NONNULL = YES;
				CLANG_ANALYZER_NUMBER_OBJECT_CONVERSION = YES_AGGRESSIVE;
				CLANG_CXX_LANGUAGE_STANDARD = "gnu++14";
				CLANG_CXX_LIBRARY = "libc++";
				CLANG_ENABLE_MODULES = YES;
				CLANG_ENABLE_OBJC_ARC = YES;
				CLANG_ENABLE_OBJC_WEAK = YES;
				CLANG_WARN_BLOCK_CAPTURE_AUTORELEASING = YES;
				CLANG_WARN_BOOL_CONVERSION = YES;
				CLANG_WARN_COMMA = YES;
				CLANG_WARN_CONSTANT_CONVERSION = YES;
				CLANG_WARN_DEPRECATED_OBJC_IMPLEMENTATIONS = YES;
				CLANG_WARN_DIRECT_OBJC_ISA_USAGE = YES_ERROR;
				CLANG_WARN_DOCUMENTATION_COMMENTS = YES;
				CLANG_WARN_EMPTY_BODY = YES;
				CLANG_WARN_ENUM_CONVERSION = YES;
				CLANG_WARN_INFINITE_RECURSION = YES;
				CLANG_WARN_INT_CONVERSION = YES;
				CLANG_WARN_NON_LITERAL_NULL_CONVERSION = YES;
				CLANG_WARN_OBJC_IMPLICIT_RETAIN_SELF = YES;
				CLANG_WARN_OBJC_LITERAL_CONVERSION = YES;
				CLANG_WARN_OBJC_ROOT_CLASS = YES_ERROR;
				CLANG_WARN_QUOTED_INCLUDE_IN_FRAMEWORK_HEADER = YES;
				CLANG_WARN_RANGE_LOOP_ANALYSIS = YES;
				CLANG_WARN_STRICT_PROTOTYPES = YES;
				CLANG_WARN_SUSPICIOUS_MOVE = YES;
				CLANG_WARN_UNGUARDED_AVAILABILITY = YES_AGGRESSIVE;
				CLANG_WARN_UNREACHABLE_CODE = YES;
				CLANG_WARN__DUPLICATE_METHOD_MATCH = YES;
				COPY_PHASE_STRIP = NO;
				DEBUG_INFORMATION_FORMAT = "dwarf-with-dsym";
				ENABLE_NS_ASSERTIONS = NO;
				ENABLE_STRICT_OBJC_MSGSEND = YES;
				GCC_C_LANGUAGE_STANDARD = gnu11;
				GCC_NO_COMMON_BLOCKS = YES;
				GCC_WARN_64_TO_32_BIT_CONVERSION = YES;
				GCC_WARN_ABOUT_RETURN_TYPE = YES_ERROR;
				GCC_WARN_UNDECLARED_SELECTOR = YES;
				GCC_WARN_UNINITIALIZED_AUTOS = YES_AGGRESSIVE;
				GCC_WARN_UNUSED_FUNCTION = YES;
				GCC_WARN_UNUSED_VARIABLE = YES;
				IPHONEOS_DEPLOYMENT_TARGET = 14.4;
				MTL_ENABLE_DEBUG_INFO = NO;
				MTL_FAST_MATH = YES;
				SDKROOT = iphoneos;
				SWIFT_COMPILATION_MODE = wholemodule;
				SWIFT_OPTIMIZATION_LEVEL = "-O";
				VALIDATE_PRODUCT = YES;
			};
			name = Release;
		};
		527256192617ADF90006555E /* Debug */ = {
			isa = XCBuildConfiguration;
			baseConfigurationReference = 1102534DC85790B06233CCC1 /* Pods-QuizApp.debug.xcconfig */;
			buildSettings = {
				ASSETCATALOG_COMPILER_APPICON_NAME = AppIcon;
				ASSETCATALOG_COMPILER_GLOBAL_ACCENT_COLOR_NAME = AccentColor;
				CODE_SIGN_STYLE = Automatic;
				INFOPLIST_FILE = QuizApp/Info.plist;
				LD_RUNPATH_SEARCH_PATHS = (
					"$(inherited)",
					"@executable_path/Frameworks",
				);
				PRODUCT_BUNDLE_IDENTIFIER = hr.fer.grozaj.marko.QuizApp;
				PRODUCT_NAME = "$(TARGET_NAME)";
				SWIFT_VERSION = 5.0;
				TARGETED_DEVICE_FAMILY = "1,2";
			};
			name = Debug;
		};
		5272561A2617ADF90006555E /* Release */ = {
			isa = XCBuildConfiguration;
			baseConfigurationReference = 55C65B4D404457B971A6F465 /* Pods-QuizApp.release.xcconfig */;
			buildSettings = {
				ASSETCATALOG_COMPILER_APPICON_NAME = AppIcon;
				ASSETCATALOG_COMPILER_GLOBAL_ACCENT_COLOR_NAME = AccentColor;
				CODE_SIGN_STYLE = Automatic;
				INFOPLIST_FILE = QuizApp/Info.plist;
				LD_RUNPATH_SEARCH_PATHS = (
					"$(inherited)",
					"@executable_path/Frameworks",
				);
				PRODUCT_BUNDLE_IDENTIFIER = hr.fer.grozaj.marko.QuizApp;
				PRODUCT_NAME = "$(TARGET_NAME)";
				SWIFT_VERSION = 5.0;
				TARGETED_DEVICE_FAMILY = "1,2";
			};
			name = Release;
		};
/* End XCBuildConfiguration section */

/* Begin XCConfigurationList section */
		527255FF2617ADF40006555E /* Build configuration list for PBXProject "QuizApp" */ = {
			isa = XCConfigurationList;
			buildConfigurations = (
				527256162617ADF90006555E /* Debug */,
				527256172617ADF90006555E /* Release */,
			);
			defaultConfigurationIsVisible = 0;
			defaultConfigurationName = Release;
		};
		527256182617ADF90006555E /* Build configuration list for PBXNativeTarget "QuizApp" */ = {
			isa = XCConfigurationList;
			buildConfigurations = (
				527256192617ADF90006555E /* Debug */,
				5272561A2617ADF90006555E /* Release */,
			);
			defaultConfigurationIsVisible = 0;
			defaultConfigurationName = Release;
		};
/* End XCConfigurationList section */
	};
	rootObject = 527255FC2617ADF40006555E /* Project object */;
}
